// !$*UTF8*$!
{
	archiveVersion = 1;
	classes = {
	};
	objectVersion = 56;
	objects = {

/* Begin PBXBuildFile section */
		3CD6FC822A820DF2005BFFFC /* PomodoroTimerApp.swift in Sources */ = {isa = PBXBuildFile; fileRef = 3CD6FC812A820DF2005BFFFC /* PomodoroTimerApp.swift */; };
		3CD6FC842A820DF2005BFFFC /* ContentView.swift in Sources */ = {isa = PBXBuildFile; fileRef = 3CD6FC832A820DF2005BFFFC /* ContentView.swift */; };
		3CD6FC862A820DF4005BFFFC /* Assets.xcassets in Resources */ = {isa = PBXBuildFile; fileRef = 3CD6FC852A820DF4005BFFFC /* Assets.xcassets */; };
		3CD6FC892A820DF4005BFFFC /* Preview Assets.xcassets in Resources */ = {isa = PBXBuildFile; fileRef = 3CD6FC882A820DF4005BFFFC /* Preview Assets.xcassets */; };
		3CD6FC922A820F4C005BFFFC /* PomodoroModel.swift in Sources */ = {isa = PBXBuildFile; fileRef = 3CD6FC912A820F4C005BFFFC /* PomodoroModel.swift */; };
		3CD6FC942A820FAA005BFFFC /* Home.swift in Sources */ = {isa = PBXBuildFile; fileRef = 3CD6FC932A820FAA005BFFFC /* Home.swift */; };
		3CD6FC962A823902005BFFFC /* TestView.swift in Sources */ = {isa = PBXBuildFile; fileRef = 3CD6FC952A823902005BFFFC /* TestView.swift */; };
/* End PBXBuildFile section */

/* Begin PBXFileReference section */
		3CD6FC7E2A820DF2005BFFFC /* PomodoroTimer.app */ = {isa = PBXFileReference; explicitFileType = wrapper.application; includeInIndex = 0; path = PomodoroTimer.app; sourceTree = BUILT_PRODUCTS_DIR; };
		3CD6FC812A820DF2005BFFFC /* PomodoroTimerApp.swift */ = {isa = PBXFileReference; lastKnownFileType = sourcecode.swift; path = PomodoroTimerApp.swift; sourceTree = "<group>"; };
		3CD6FC832A820DF2005BFFFC /* ContentView.swift */ = {isa = PBXFileReference; lastKnownFileType = sourcecode.swift; path = ContentView.swift; sourceTree = "<group>"; };
		3CD6FC852A820DF4005BFFFC /* Assets.xcassets */ = {isa = PBXFileReference; lastKnownFileType = folder.assetcatalog; path = Assets.xcassets; sourceTree = "<group>"; };
		3CD6FC882A820DF4005BFFFC /* Preview Assets.xcassets */ = {isa = PBXFileReference; lastKnownFileType = folder.assetcatalog; path = "Preview Assets.xcassets"; sourceTree = "<group>"; };
		3CD6FC912A820F4C005BFFFC /* PomodoroModel.swift */ = {isa = PBXFileReference; lastKnownFileType = sourcecode.swift; path = PomodoroModel.swift; sourceTree = "<group>"; };
		3CD6FC932A820FAA005BFFFC /* Home.swift */ = {isa = PBXFileReference; lastKnownFileType = sourcecode.swift; path = Home.swift; sourceTree = "<group>"; };
		3CD6FC952A823902005BFFFC /* TestView.swift */ = {isa = PBXFileReference; lastKnownFileType = sourcecode.swift; path = TestView.swift; sourceTree = "<group>"; };
/* End PBXFileReference section */

/* Begin PBXFrameworksBuildPhase section */
		3CD6FC7B2A820DF2005BFFFC /* Frameworks */ = {
			isa = PBXFrameworksBuildPhase;
			buildActionMask = 2147483647;
			files = (
			);
			runOnlyForDeploymentPostprocessing = 0;
		};
/* End PBXFrameworksBuildPhase section */

/* Begin PBXGroup section */
		3CD6FC752A820DF2005BFFFC = {
			isa = PBXGroup;
			children = (
				3CD6FC802A820DF2005BFFFC /* PomodoroTimer */,
				3CD6FC7F2A820DF2005BFFFC /* Products */,
			);
			sourceTree = "<group>";
		};
		3CD6FC7F2A820DF2005BFFFC /* Products */ = {
			isa = PBXGroup;
			children = (
				3CD6FC7E2A820DF2005BFFFC /* PomodoroTimer.app */,
			);
			name = Products;
			sourceTree = "<group>";
		};
		3CD6FC802A820DF2005BFFFC /* PomodoroTimer */ = {
			isa = PBXGroup;
			children = (
				3CD6FC902A820F31005BFFFC /* ViewModel */,
				3CD6FC8F2A820F2C005BFFFC /* View */,
				3CD6FC812A820DF2005BFFFC /* PomodoroTimerApp.swift */,
				3CD6FC832A820DF2005BFFFC /* ContentView.swift */,
				3CD6FC852A820DF4005BFFFC /* Assets.xcassets */,
				3CD6FC872A820DF4005BFFFC /* Preview Content */,
			);
			path = PomodoroTimer;
			sourceTree = "<group>";
		};
		3CD6FC872A820DF4005BFFFC /* Preview Content */ = {
			isa = PBXGroup;
			children = (
				3CD6FC882A820DF4005BFFFC /* Preview Assets.xcassets */,
			);
			path = "Preview Content";
			sourceTree = "<group>";
		};
		3CD6FC8F2A820F2C005BFFFC /* View */ = {
			isa = PBXGroup;
			children = (
				3CD6FC932A820FAA005BFFFC /* Home.swift */,
				3CD6FC952A823902005BFFFC /* TestView.swift */,
			);
			path = View;
			sourceTree = "<group>";
		};
		3CD6FC902A820F31005BFFFC /* ViewModel */ = {
			isa = PBXGroup;
			children = (
				3CD6FC912A820F4C005BFFFC /* PomodoroModel.swift */,
			);
			path = ViewModel;
			sourceTree = "<group>";
		};
/* End PBXGroup section */

/* Begin PBXNativeTarget section */
		3CD6FC7D2A820DF2005BFFFC /* PomodoroTimer */ = {
			isa = PBXNativeTarget;
			buildConfigurationList = 3CD6FC8C2A820DF4005BFFFC /* Build configuration list for PBXNativeTarget "PomodoroTimer" */;
			buildPhases = (
				3CD6FC7A2A820DF2005BFFFC /* Sources */,
				3CD6FC7B2A820DF2005BFFFC /* Frameworks */,
				3CD6FC7C2A820DF2005BFFFC /* Resources */,
			);
			buildRules = (
			);
			dependencies = (
			);
			name = PomodoroTimer;
			productName = PomodoroTimer;
			productReference = 3CD6FC7E2A820DF2005BFFFC /* PomodoroTimer.app */;
			productType = "com.apple.product-type.application";
		};
/* End PBXNativeTarget section */

/* Begin PBXProject section */
		3CD6FC762A820DF2005BFFFC /* Project object */ = {
			isa = PBXProject;
			attributes = {
				BuildIndependentTargetsInParallel = 1;
				LastSwiftUpdateCheck = 1430;
				LastUpgradeCheck = 1430;
				TargetAttributes = {
					3CD6FC7D2A820DF2005BFFFC = {
						CreatedOnToolsVersion = 14.3.1;
					};
				};
			};
			buildConfigurationList = 3CD6FC792A820DF2005BFFFC /* Build configuration list for PBXProject "PomodoroTimer" */;
			compatibilityVersion = "Xcode 14.0";
			developmentRegion = en;
			hasScannedForEncodings = 0;
			knownRegions = (
				en,
				Base,
			);
			mainGroup = 3CD6FC752A820DF2005BFFFC;
			productRefGroup = 3CD6FC7F2A820DF2005BFFFC /* Products */;
			projectDirPath = "";
			projectRoot = "";
			targets = (
				3CD6FC7D2A820DF2005BFFFC /* PomodoroTimer */,
			);
		};
/* End PBXProject section */

/* Begin PBXResourcesBuildPhase section */
		3CD6FC7C2A820DF2005BFFFC /* Resources */ = {
			isa = PBXResourcesBuildPhase;
			buildActionMask = 2147483647;
			files = (
				3CD6FC892A820DF4005BFFFC /* Preview Assets.xcassets in Resources */,
				3CD6FC862A820DF4005BFFFC /* Assets.xcassets in Resources */,
			);
			runOnlyForDeploymentPostprocessing = 0;
		};
/* End PBXResourcesBuildPhase section */

/* Begin PBXSourcesBuildPhase section */
		3CD6FC7A2A820DF2005BFFFC /* Sources */ = {
			isa = PBXSourcesBuildPhase;
			buildActionMask = 2147483647;
			files = (
				3CD6FC922A820F4C005BFFFC /* PomodoroModel.swift in Sources */,
				3CD6FC962A823902005BFFFC /* TestView.swift in Sources */,
				3CD6FC842A820DF2005BFFFC /* ContentView.swift in Sources */,
				3CD6FC942A820FAA005BFFFC /* Home.swift in Sources */,
				3CD6FC822A820DF2005BFFFC /* PomodoroTimerApp.swift in Sources */,
			);
			runOnlyForDeploymentPostprocessing = 0;
		};
/* End PBXSourcesBuildPhase section */

/* Begin XCBuildConfiguration section */
		3CD6FC8A2A820DF4005BFFFC /* Debug */ = {
			isa = XCBuildConfiguration;
			buildSettings = {
				ALWAYS_SEARCH_USER_PATHS = NO;
				CLANG_ANALYZER_NONNULL = YES;
				CLANG_ANALYZER_NUMBER_OBJECT_CONVERSION = YES_AGGRESSIVE;
				CLANG_CXX_LANGUAGE_STANDARD = "gnu++20";
				CLANG_ENABLE_MODULES = YES;
				CLANG_ENABLE_OBJC_ARC = YES;
				CLANG_ENABLE_OBJC_WEAK = YES;
				CLANG_WARN_BLOCK_CAPTURE_AUTORELEASING = YES;
				CLANG_WARN_BOOL_CONVERSION = YES;
				CLANG_WARN_COMMA = YES;
				CLANG_WARN_CONSTANT_CONVERSION = YES;
				CLANG_WARN_DEPRECATED_OBJC_IMPLEMENTATIONS = YES;
				CLANG_WARN_DIRECT_OBJC_ISA_USAGE = YES_ERROR;
				CLANG_WARN_DOCUMENTATION_COMMENTS = YES;
				CLANG_WARN_EMPTY_BODY = YES;
				CLANG_WARN_ENUM_CONVERSION = YES;
				CLANG_WARN_INFINITE_RECURSION = YES;
				CLANG_WARN_INT_CONVERSION = YES;
				CLANG_WARN_NON_LITERAL_NULL_CONVERSION = YES;
				CLANG_WARN_OBJC_IMPLICIT_RETAIN_SELF = YES;
				CLANG_WARN_OBJC_LITERAL_CONVERSION = YES;
				CLANG_WARN_OBJC_ROOT_CLASS = YES_ERROR;
				CLANG_WARN_QUOTED_INCLUDE_IN_FRAMEWORK_HEADER = YES;
				CLANG_WARN_RANGE_LOOP_ANALYSIS = YES;
				CLANG_WARN_STRICT_PROTOTYPES = YES;
				CLANG_WARN_SUSPICIOUS_MOVE = YES;
				CLANG_WARN_UNGUARDED_AVAILABILITY = YES_AGGRESSIVE;
				CLANG_WARN_UNREACHABLE_CODE = YES;
				CLANG_WARN__DUPLICATE_METHOD_MATCH = YES;
				COPY_PHASE_STRIP = NO;
				DEBUG_INFORMATION_FORMAT = dwarf;
				ENABLE_STRICT_OBJC_MSGSEND = YES;
				ENABLE_TESTABILITY = YES;
				GCC_C_LANGUAGE_STANDARD = gnu11;
				GCC_DYNAMIC_NO_PIC = NO;
				GCC_NO_COMMON_BLOCKS = YES;
				GCC_OPTIMIZATION_LEVEL = 0;
				GCC_PREPROCESSOR_DEFINITIONS = (
					"DEBUG=1",
					"$(inherited)",
				);
				GCC_WARN_64_TO_32_BIT_CONVERSION = YES;
				GCC_WARN_ABOUT_RETURN_TYPE = YES_ERROR;
				GCC_WARN_UNDECLARED_SELECTOR = YES;
				GCC_WARN_UNINITIALIZED_AUTOS = YES_AGGRESSIVE;
				GCC_WARN_UNUSED_FUNCTION = YES;
				GCC_WARN_UNUSED_VARIABLE = YES;
				IPHONEOS_DEPLOYMENT_TARGET = 16.4;
				MTL_ENABLE_DEBUG_INFO = INCLUDE_SOURCE;
				MTL_FAST_MATH = YES;
				ONLY_ACTIVE_ARCH = YES;
				SDKROOT = iphoneos;
				SWIFT_ACTIVE_COMPILATION_CONDITIONS = DEBUG;
				SWIFT_OPTIMIZATION_LEVEL = "-Onone";
			};
			name = Debug;
		};
		3CD6FC8B2A820DF4005BFFFC /* Release */ = {
			isa = XCBuildConfiguration;
			buildSettings = {
				ALWAYS_SEARCH_USER_PATHS = NO;
				CLANG_ANALYZER_NONNULL = YES;
				CLANG_ANALYZER_NUMBER_OBJECT_CONVERSION = YES_AGGRESSIVE;
				CLANG_CXX_LANGUAGE_STANDARD = "gnu++20";
				CLANG_ENABLE_MODULES = YES;
				CLANG_ENABLE_OBJC_ARC = YES;
				CLANG_ENABLE_OBJC_WEAK = YES;
				CLANG_WARN_BLOCK_CAPTURE_AUTORELEASING = YES;
				CLANG_WARN_BOOL_CONVERSION = YES;
				CLANG_WARN_COMMA = YES;
				CLANG_WARN_CONSTANT_CONVERSION = YES;
				CLANG_WARN_DEPRECATED_OBJC_IMPLEMENTATIONS = YES;
				CLANG_WARN_DIRECT_OBJC_ISA_USAGE = YES_ERROR;
				CLANG_WARN_DOCUMENTATION_COMMENTS = YES;
				CLANG_WARN_EMPTY_BODY = YES;
				CLANG_WARN_ENUM_CONVERSION = YES;
				CLANG_WARN_INFINITE_RECURSION = YES;
				CLANG_WARN_INT_CONVERSION = YES;
				CLANG_WARN_NON_LITERAL_NULL_CONVERSION = YES;
				CLANG_WARN_OBJC_IMPLICIT_RETAIN_SELF = YES;
				CLANG_WARN_OBJC_LITERAL_CONVERSION = YES;
				CLANG_WARN_OBJC_ROOT_CLASS = YES_ERROR;
				CLANG_WARN_QUOTED_INCLUDE_IN_FRAMEWORK_HEADER = YES;
				CLANG_WARN_RANGE_LOOP_ANALYSIS = YES;
				CLANG_WARN_STRICT_PROTOTYPES = YES;
				CLANG_WARN_SUSPICIOUS_MOVE = YES;
				CLANG_WARN_UNGUARDED_AVAILABILITY = YES_AGGRESSIVE;
				CLANG_WARN_UNREACHABLE_CODE = YES;
				CLANG_WARN__DUPLICATE_METHOD_MATCH = YES;
				COPY_PHASE_STRIP = NO;
				DEBUG_INFORMATION_FORMAT = "dwarf-with-dsym";
				ENABLE_NS_ASSERTIONS = NO;
				ENABLE_STRICT_OBJC_MSGSEND = YES;
				GCC_C_LANGUAGE_STANDARD = gnu11;
				GCC_NO_COMMON_BLOCKS = YES;
				GCC_WARN_64_TO_32_BIT_CONVERSION = YES;
				GCC_WARN_ABOUT_RETURN_TYPE = YES_ERROR;
				GCC_WARN_UNDECLARED_SELECTOR = YES;
				GCC_WARN_UNINITIALIZED_AUTOS = YES_AGGRESSIVE;
				GCC_WARN_UNUSED_FUNCTION = YES;
				GCC_WARN_UNUSED_VARIABLE = YES;
				IPHONEOS_DEPLOYMENT_TARGET = 16.4;
				MTL_ENABLE_DEBUG_INFO = NO;
				MTL_FAST_MATH = YES;
				SDKROOT = iphoneos;
				SWIFT_COMPILATION_MODE = wholemodule;
				SWIFT_OPTIMIZATION_LEVEL = "-O";
				VALIDATE_PRODUCT = YES;
			};
			name = Release;
		};
		3CD6FC8D2A820DF4005BFFFC /* Debug */ = {
			isa = XCBuildConfiguration;
			buildSettings = {
				ASSETCATALOG_COMPILER_APPICON_NAME = AppIcon;
				ASSETCATALOG_COMPILER_GLOBAL_ACCENT_COLOR_NAME = AccentColor;
				CODE_SIGN_STYLE = Automatic;
				CURRENT_PROJECT_VERSION = 1;
				DEVELOPMENT_ASSET_PATHS = "\"PomodoroTimer/Preview Content\"";
				DEVELOPMENT_TEAM = 38R29HQGHS;
				ENABLE_PREVIEWS = YES;
				GENERATE_INFOPLIST_FILE = YES;
				INFOPLIST_KEY_UIApplicationSceneManifest_Generation = YES;
				INFOPLIST_KEY_UIApplicationSupportsIndirectInputEvents = YES;
				INFOPLIST_KEY_UILaunchScreen_Generation = YES;
				INFOPLIST_KEY_UISupportedInterfaceOrientations_iPad = "UIInterfaceOrientationPortrait UIInterfaceOrientationPortraitUpsideDown UIInterfaceOrientationLandscapeLeft UIInterfaceOrientationLandscapeRight";
				INFOPLIST_KEY_UISupportedInterfaceOrientations_iPhone = "UIInterfaceOrientationPortrait UIInterfaceOrientationLandscapeLeft UIInterfaceOrientationLandscapeRight";
				IPHONEOS_DEPLOYMENT_TARGET = 15.0;
				LD_RUNPATH_SEARCH_PATHS = (
					"$(inherited)",
					"@executable_path/Frameworks",
				);
				MARKETING_VERSION = 1.0;
				PRODUCT_BUNDLE_IDENTIFIER = com.neolink.PomodoroTimer;
				PRODUCT_NAME = "$(TARGET_NAME)";
				SWIFT_EMIT_LOC_STRINGS = YES;
				SWIFT_VERSION = 5.0;
				TARGETED_DEVICE_FAMILY = "1,2";
			};
			name = Debug;
		};
		3CD6FC8E2A820DF4005BFFFC /* Release */ = {
			isa = XCBuildConfiguration;
			buildSettings = {
				ASSETCATALOG_COMPILER_APPICON_NAME = AppIcon;
				ASSETCATALOG_COMPILER_GLOBAL_ACCENT_COLOR_NAME = AccentColor;
				CODE_SIGN_STYLE = Automatic;
				CURRENT_PROJECT_VERSION = 1;
				DEVELOPMENT_ASSET_PATHS = "\"PomodoroTimer/Preview Content\"";
				DEVELOPMENT_TEAM = 38R29HQGHS;
				ENABLE_PREVIEWS = YES;
				GENERATE_INFOPLIST_FILE = YES;
				INFOPLIST_KEY_UIApplicationSceneManifest_Generation = YES;
				INFOPLIST_KEY_UIApplicationSupportsIndirectInputEvents = YES;
				INFOPLIST_KEY_UILaunchScreen_Generation = YES;
				INFOPLIST_KEY_UISupportedInterfaceOrientations_iPad = "UIInterfaceOrientationPortrait UIInterfaceOrientationPortraitUpsideDown UIInterfaceOrientationLandscapeLeft UIInterfaceOrientationLandscapeRight";
				INFOPLIST_KEY_UISupportedInterfaceOrientations_iPhone = "UIInterfaceOrientationPortrait UIInterfaceOrientationLandscapeLeft UIInterfaceOrientationLandscapeRight";
				IPHONEOS_DEPLOYMENT_TARGET = 15.0;
				LD_RUNPATH_SEARCH_PATHS = (
					"$(inherited)",
					"@executable_path/Frameworks",
				);
				MARKETING_VERSION = 1.0;
				PRODUCT_BUNDLE_IDENTIFIER = com.neolink.PomodoroTimer;
				PRODUCT_NAME = "$(TARGET_NAME)";
				SWIFT_EMIT_LOC_STRINGS = YES;
				SWIFT_VERSION = 5.0;
				TARGETED_DEVICE_FAMILY = "1,2";
			};
			name = Release;
		};
/* End XCBuildConfiguration section */

/* Begin XCConfigurationList section */
		3CD6FC792A820DF2005BFFFC /* Build configuration list for PBXProject "PomodoroTimer" */ = {
			isa = XCConfigurationList;
			buildConfigurations = (
				3CD6FC8A2A820DF4005BFFFC /* Debug */,
				3CD6FC8B2A820DF4005BFFFC /* Release */,
			);
			defaultConfigurationIsVisible = 0;
			defaultConfigurationName = Release;
		};
		3CD6FC8C2A820DF4005BFFFC /* Build configuration list for PBXNativeTarget "PomodoroTimer" */ = {
			isa = XCConfigurationList;
			buildConfigurations = (
				3CD6FC8D2A820DF4005BFFFC /* Debug */,
				3CD6FC8E2A820DF4005BFFFC /* Release */,
			);
			defaultConfigurationIsVisible = 0;
			defaultConfigurationName = Release;
		};
/* End XCConfigurationList section */
	};
	rootObject = 3CD6FC762A820DF2005BFFFC /* Project object */;
}
