// !$*UTF8*$!
{
	archiveVersion = 1;
	classes = {
	};
	objectVersion = 56;
	objects = {

/* Begin PBXBuildFile section */
		3C46D8442A7C9E05007BB0C6 /* Task_ManagemetApp.swift in Sources */ = {isa = PBXBuildFile; fileRef = 3C46D8432A7C9E05007BB0C6 /* Task_ManagemetApp.swift */; };
		3C46D8462A7C9E05007BB0C6 /* ContentView.swift in Sources */ = {isa = PBXBuildFile; fileRef = 3C46D8452A7C9E05007BB0C6 /* ContentView.swift */; };
		3C46D8482A7C9E08007BB0C6 /* Assets.xcassets in Resources */ = {isa = PBXBuildFile; fileRef = 3C46D8472A7C9E08007BB0C6 /* Assets.xcassets */; };
		3C46D84B2A7C9E08007BB0C6 /* Preview Assets.xcassets in Resources */ = {isa = PBXBuildFile; fileRef = 3C46D84A2A7C9E08007BB0C6 /* Preview Assets.xcassets */; };
		3C46D8532A7C9F2B007BB0C6 /* Task.swift in Sources */ = {isa = PBXBuildFile; fileRef = 3C46D8522A7C9F2B007BB0C6 /* Task.swift */; };
		3C46D8562A7CA0B1007BB0C6 /* View+Extension.swift in Sources */ = {isa = PBXBuildFile; fileRef = 3C46D8552A7CA0B1007BB0C6 /* View+Extension.swift */; };
		3C46D8582A7CA0C3007BB0C6 /* Date+Extension.swift in Sources */ = {isa = PBXBuildFile; fileRef = 3C46D8572A7CA0C3007BB0C6 /* Date+Extension.swift */; };
		3C46D85B2A7CA16D007BB0C6 /* Home.swift in Sources */ = {isa = PBXBuildFile; fileRef = 3C46D85A2A7CA16D007BB0C6 /* Home.swift */; };
		3C46D85D2A7CD168007BB0C6 /* OffsetKey.swift in Sources */ = {isa = PBXBuildFile; fileRef = 3C46D85C2A7CD168007BB0C6 /* OffsetKey.swift */; };
		3C46D85F2A7CD76F007BB0C6 /* TaskRowView.swift in Sources */ = {isa = PBXBuildFile; fileRef = 3C46D85E2A7CD76F007BB0C6 /* TaskRowView.swift */; };
		3C46D8612A7CDD1E007BB0C6 /* NewTaskView.swift in Sources */ = {isa = PBXBuildFile; fileRef = 3C46D8602A7CDD1E007BB0C6 /* NewTaskView.swift */; };
		3C46D8632A7CE312007BB0C6 /* TasksView.swift in Sources */ = {isa = PBXBuildFile; fileRef = 3C46D8622A7CE312007BB0C6 /* TasksView.swift */; };
/* End PBXBuildFile section */

/* Begin PBXFileReference section */
		3C46D8402A7C9E05007BB0C6 /* Task_Managemet.app */ = {isa = PBXFileReference; explicitFileType = wrapper.application; includeInIndex = 0; path = Task_Managemet.app; sourceTree = BUILT_PRODUCTS_DIR; };
		3C46D8432A7C9E05007BB0C6 /* Task_ManagemetApp.swift */ = {isa = PBXFileReference; lastKnownFileType = sourcecode.swift; path = Task_ManagemetApp.swift; sourceTree = "<group>"; };
		3C46D8452A7C9E05007BB0C6 /* ContentView.swift */ = {isa = PBXFileReference; lastKnownFileType = sourcecode.swift; path = ContentView.swift; sourceTree = "<group>"; };
		3C46D8472A7C9E08007BB0C6 /* Assets.xcassets */ = {isa = PBXFileReference; lastKnownFileType = folder.assetcatalog; path = Assets.xcassets; sourceTree = "<group>"; };
		3C46D84A2A7C9E08007BB0C6 /* Preview Assets.xcassets */ = {isa = PBXFileReference; lastKnownFileType = folder.assetcatalog; path = "Preview Assets.xcassets"; sourceTree = "<group>"; };
		3C46D8522A7C9F2B007BB0C6 /* Task.swift */ = {isa = PBXFileReference; lastKnownFileType = sourcecode.swift; path = Task.swift; sourceTree = "<group>"; };
		3C46D8552A7CA0B1007BB0C6 /* View+Extension.swift */ = {isa = PBXFileReference; lastKnownFileType = sourcecode.swift; path = "View+Extension.swift"; sourceTree = "<group>"; };
		3C46D8572A7CA0C3007BB0C6 /* Date+Extension.swift */ = {isa = PBXFileReference; lastKnownFileType = sourcecode.swift; path = "Date+Extension.swift"; sourceTree = "<group>"; };
		3C46D85A2A7CA16D007BB0C6 /* Home.swift */ = {isa = PBXFileReference; lastKnownFileType = sourcecode.swift; path = Home.swift; sourceTree = "<group>"; };
		3C46D85C2A7CD168007BB0C6 /* OffsetKey.swift */ = {isa = PBXFileReference; lastKnownFileType = sourcecode.swift; path = OffsetKey.swift; sourceTree = "<group>"; };
		3C46D85E2A7CD76F007BB0C6 /* TaskRowView.swift */ = {isa = PBXFileReference; lastKnownFileType = sourcecode.swift; path = TaskRowView.swift; sourceTree = "<group>"; };
		3C46D8602A7CDD1E007BB0C6 /* NewTaskView.swift */ = {isa = PBXFileReference; lastKnownFileType = sourcecode.swift; path = NewTaskView.swift; sourceTree = "<group>"; };
		3C46D8622A7CE312007BB0C6 /* TasksView.swift */ = {isa = PBXFileReference; lastKnownFileType = sourcecode.swift; path = TasksView.swift; sourceTree = "<group>"; };
/* End PBXFileReference section */

/* Begin PBXFrameworksBuildPhase section */
		3C46D83D2A7C9E05007BB0C6 /* Frameworks */ = {
			isa = PBXFrameworksBuildPhase;
			buildActionMask = 2147483647;
			files = (
			);
			runOnlyForDeploymentPostprocessing = 0;
		};
/* End PBXFrameworksBuildPhase section */

/* Begin PBXGroup section */
		3C46D8372A7C9E05007BB0C6 = {
			isa = PBXGroup;
			children = (
				3C46D8422A7C9E05007BB0C6 /* Task_Managemet */,
				3C46D8412A7C9E05007BB0C6 /* Products */,
			);
			sourceTree = "<group>";
		};
		3C46D8412A7C9E05007BB0C6 /* Products */ = {
			isa = PBXGroup;
			children = (
				3C46D8402A7C9E05007BB0C6 /* Task_Managemet.app */,
			);
			name = Products;
			sourceTree = "<group>";
		};
		3C46D8422A7C9E05007BB0C6 /* Task_Managemet */ = {
			isa = PBXGroup;
			children = (
				3C46D8592A7CA167007BB0C6 /* View */,
				3C46D8542A7CA0A7007BB0C6 /* Helpers */,
				3C46D8512A7C9F23007BB0C6 /* Model */,
				3C46D8432A7C9E05007BB0C6 /* Task_ManagemetApp.swift */,
				3C46D8452A7C9E05007BB0C6 /* ContentView.swift */,
				3C46D8472A7C9E08007BB0C6 /* Assets.xcassets */,
				3C46D8492A7C9E08007BB0C6 /* Preview Content */,
			);
			path = Task_Managemet;
			sourceTree = "<group>";
		};
		3C46D8492A7C9E08007BB0C6 /* Preview Content */ = {
			isa = PBXGroup;
			children = (
				3C46D84A2A7C9E08007BB0C6 /* Preview Assets.xcassets */,
			);
			path = "Preview Content";
			sourceTree = "<group>";
		};
		3C46D8512A7C9F23007BB0C6 /* Model */ = {
			isa = PBXGroup;
			children = (
				3C46D8522A7C9F2B007BB0C6 /* Task.swift */,
			);
			path = Model;
			sourceTree = "<group>";
		};
		3C46D8542A7CA0A7007BB0C6 /* Helpers */ = {
			isa = PBXGroup;
			children = (
				3C46D8552A7CA0B1007BB0C6 /* View+Extension.swift */,
				3C46D8572A7CA0C3007BB0C6 /* Date+Extension.swift */,
				3C46D85C2A7CD168007BB0C6 /* OffsetKey.swift */,
			);
			path = Helpers;
			sourceTree = "<group>";
		};
		3C46D8592A7CA167007BB0C6 /* View */ = {
			isa = PBXGroup;
			children = (
				3C46D85A2A7CA16D007BB0C6 /* Home.swift */,
				3C46D85E2A7CD76F007BB0C6 /* TaskRowView.swift */,
				3C46D8602A7CDD1E007BB0C6 /* NewTaskView.swift */,
				3C46D8622A7CE312007BB0C6 /* TasksView.swift */,
			);
			path = View;
			sourceTree = "<group>";
		};
/* End PBXGroup section */

/* Begin PBXNativeTarget section */
		3C46D83F2A7C9E05007BB0C6 /* Task_Managemet */ = {
			isa = PBXNativeTarget;
			buildConfigurationList = 3C46D84E2A7C9E08007BB0C6 /* Build configuration list for PBXNativeTarget "Task_Managemet" */;
			buildPhases = (
				3C46D83C2A7C9E05007BB0C6 /* Sources */,
				3C46D83D2A7C9E05007BB0C6 /* Frameworks */,
				3C46D83E2A7C9E05007BB0C6 /* Resources */,
			);
			buildRules = (
			);
			dependencies = (
			);
			name = Task_Managemet;
			productName = Task_Managemet;
			productReference = 3C46D8402A7C9E05007BB0C6 /* Task_Managemet.app */;
			productType = "com.apple.product-type.application";
		};
/* End PBXNativeTarget section */

/* Begin PBXProject section */
		3C46D8382A7C9E05007BB0C6 /* Project object */ = {
			isa = PBXProject;
			attributes = {
				BuildIndependentTargetsInParallel = 1;
				LastSwiftUpdateCheck = 1500;
				LastUpgradeCheck = 1500;
				TargetAttributes = {
					3C46D83F2A7C9E05007BB0C6 = {
						CreatedOnToolsVersion = 15.0;
					};
				};
			};
			buildConfigurationList = 3C46D83B2A7C9E05007BB0C6 /* Build configuration list for PBXProject "Task_Managemet" */;
			compatibilityVersion = "Xcode 14.0";
			developmentRegion = en;
			hasScannedForEncodings = 0;
			knownRegions = (
				en,
				Base,
			);
			mainGroup = 3C46D8372A7C9E05007BB0C6;
			productRefGroup = 3C46D8412A7C9E05007BB0C6 /* Products */;
			projectDirPath = "";
			projectRoot = "";
			targets = (
				3C46D83F2A7C9E05007BB0C6 /* Task_Managemet */,
			);
		};
/* End PBXProject section */

/* Begin PBXResourcesBuildPhase section */
		3C46D83E2A7C9E05007BB0C6 /* Resources */ = {
			isa = PBXResourcesBuildPhase;
			buildActionMask = 2147483647;
			files = (
				3C46D84B2A7C9E08007BB0C6 /* Preview Assets.xcassets in Resources */,
				3C46D8482A7C9E08007BB0C6 /* Assets.xcassets in Resources */,
			);
			runOnlyForDeploymentPostprocessing = 0;
		};
/* End PBXResourcesBuildPhase section */

/* Begin PBXSourcesBuildPhase section */
		3C46D83C2A7C9E05007BB0C6 /* Sources */ = {
			isa = PBXSourcesBuildPhase;
			buildActionMask = 2147483647;
			files = (
				3C46D8462A7C9E05007BB0C6 /* ContentView.swift in Sources */,
				3C46D8532A7C9F2B007BB0C6 /* Task.swift in Sources */,
				3C46D8612A7CDD1E007BB0C6 /* NewTaskView.swift in Sources */,
				3C46D8632A7CE312007BB0C6 /* TasksView.swift in Sources */,
				3C46D85F2A7CD76F007BB0C6 /* TaskRowView.swift in Sources */,
				3C46D8582A7CA0C3007BB0C6 /* Date+Extension.swift in Sources */,
				3C46D85D2A7CD168007BB0C6 /* OffsetKey.swift in Sources */,
				3C46D8442A7C9E05007BB0C6 /* Task_ManagemetApp.swift in Sources */,
				3C46D85B2A7CA16D007BB0C6 /* Home.swift in Sources */,
				3C46D8562A7CA0B1007BB0C6 /* View+Extension.swift in Sources */,
			);
			runOnlyForDeploymentPostprocessing = 0;
		};
/* End PBXSourcesBuildPhase section */

/* Begin XCBuildConfiguration section */
		3C46D84C2A7C9E08007BB0C6 /* Debug */ = {
			isa = XCBuildConfiguration;
			buildSettings = {
				ALWAYS_SEARCH_USER_PATHS = NO;
				ASSETCATALOG_COMPILER_GENERATE_SWIFT_ASSET_SYMBOL_EXTENSIONS = YES;
				CLANG_ANALYZER_NONNULL = YES;
				CLANG_ANALYZER_NUMBER_OBJECT_CONVERSION = YES_AGGRESSIVE;
				CLANG_CXX_LANGUAGE_STANDARD = "gnu++20";
				CLANG_ENABLE_MODULES = YES;
				CLANG_ENABLE_OBJC_ARC = YES;
				CLANG_ENABLE_OBJC_WEAK = YES;
				CLANG_WARN_BLOCK_CAPTURE_AUTORELEASING = YES;
				CLANG_WARN_BOOL_CONVERSION = YES;
				CLANG_WARN_COMMA = YES;
				CLANG_WARN_CONSTANT_CONVERSION = YES;
				CLANG_WARN_DEPRECATED_OBJC_IMPLEMENTATIONS = YES;
				CLANG_WARN_DIRECT_OBJC_ISA_USAGE = YES_ERROR;
				CLANG_WARN_DOCUMENTATION_COMMENTS = YES;
				CLANG_WARN_EMPTY_BODY = YES;
				CLANG_WARN_ENUM_CONVERSION = YES;
				CLANG_WARN_INFINITE_RECURSION = YES;
				CLANG_WARN_INT_CONVERSION = YES;
				CLANG_WARN_NON_LITERAL_NULL_CONVERSION = YES;
				CLANG_WARN_OBJC_IMPLICIT_RETAIN_SELF = YES;
				CLANG_WARN_OBJC_LITERAL_CONVERSION = YES;
				CLANG_WARN_OBJC_ROOT_CLASS = YES_ERROR;
				CLANG_WARN_QUOTED_INCLUDE_IN_FRAMEWORK_HEADER = YES;
				CLANG_WARN_RANGE_LOOP_ANALYSIS = YES;
				CLANG_WARN_STRICT_PROTOTYPES = YES;
				CLANG_WARN_SUSPICIOUS_MOVE = YES;
				CLANG_WARN_UNGUARDED_AVAILABILITY = YES_AGGRESSIVE;
				CLANG_WARN_UNREACHABLE_CODE = YES;
				CLANG_WARN__DUPLICATE_METHOD_MATCH = YES;
				COPY_PHASE_STRIP = NO;
				DEBUG_INFORMATION_FORMAT = dwarf;
				ENABLE_STRICT_OBJC_MSGSEND = YES;
				ENABLE_TESTABILITY = YES;
				ENABLE_USER_SCRIPT_SANDBOXING = YES;
				GCC_C_LANGUAGE_STANDARD = gnu17;
				GCC_DYNAMIC_NO_PIC = NO;
				GCC_NO_COMMON_BLOCKS = YES;
				GCC_OPTIMIZATION_LEVEL = 0;
				GCC_PREPROCESSOR_DEFINITIONS = (
					"DEBUG=1",
					"$(inherited)",
				);
				GCC_WARN_64_TO_32_BIT_CONVERSION = YES;
				GCC_WARN_ABOUT_RETURN_TYPE = YES_ERROR;
				GCC_WARN_UNDECLARED_SELECTOR = YES;
				GCC_WARN_UNINITIALIZED_AUTOS = YES_AGGRESSIVE;
				GCC_WARN_UNUSED_FUNCTION = YES;
				GCC_WARN_UNUSED_VARIABLE = YES;
				IPHONEOS_DEPLOYMENT_TARGET = 17.0;
				LOCALIZATION_PREFERS_STRING_CATALOGS = YES;
				MTL_ENABLE_DEBUG_INFO = INCLUDE_SOURCE;
				MTL_FAST_MATH = YES;
				ONLY_ACTIVE_ARCH = YES;
				SDKROOT = iphoneos;
				SWIFT_ACTIVE_COMPILATION_CONDITIONS = "DEBUG $(inherited)";
				SWIFT_OPTIMIZATION_LEVEL = "-Onone";
			};
			name = Debug;
		};
		3C46D84D2A7C9E08007BB0C6 /* Release */ = {
			isa = XCBuildConfiguration;
			buildSettings = {
				ALWAYS_SEARCH_USER_PATHS = NO;
				ASSETCATALOG_COMPILER_GENERATE_SWIFT_ASSET_SYMBOL_EXTENSIONS = YES;
				CLANG_ANALYZER_NONNULL = YES;
				CLANG_ANALYZER_NUMBER_OBJECT_CONVERSION = YES_AGGRESSIVE;
				CLANG_CXX_LANGUAGE_STANDARD = "gnu++20";
				CLANG_ENABLE_MODULES = YES;
				CLANG_ENABLE_OBJC_ARC = YES;
				CLANG_ENABLE_OBJC_WEAK = YES;
				CLANG_WARN_BLOCK_CAPTURE_AUTORELEASING = YES;
				CLANG_WARN_BOOL_CONVERSION = YES;
				CLANG_WARN_COMMA = YES;
				CLANG_WARN_CONSTANT_CONVERSION = YES;
				CLANG_WARN_DEPRECATED_OBJC_IMPLEMENTATIONS = YES;
				CLANG_WARN_DIRECT_OBJC_ISA_USAGE = YES_ERROR;
				CLANG_WARN_DOCUMENTATION_COMMENTS = YES;
				CLANG_WARN_EMPTY_BODY = YES;
				CLANG_WARN_ENUM_CONVERSION = YES;
				CLANG_WARN_INFINITE_RECURSION = YES;
				CLANG_WARN_INT_CONVERSION = YES;
				CLANG_WARN_NON_LITERAL_NULL_CONVERSION = YES;
				CLANG_WARN_OBJC_IMPLICIT_RETAIN_SELF = YES;
				CLANG_WARN_OBJC_LITERAL_CONVERSION = YES;
				CLANG_WARN_OBJC_ROOT_CLASS = YES_ERROR;
				CLANG_WARN_QUOTED_INCLUDE_IN_FRAMEWORK_HEADER = YES;
				CLANG_WARN_RANGE_LOOP_ANALYSIS = YES;
				CLANG_WARN_STRICT_PROTOTYPES = YES;
				CLANG_WARN_SUSPICIOUS_MOVE = YES;
				CLANG_WARN_UNGUARDED_AVAILABILITY = YES_AGGRESSIVE;
				CLANG_WARN_UNREACHABLE_CODE = YES;
				CLANG_WARN__DUPLICATE_METHOD_MATCH = YES;
				COPY_PHASE_STRIP = NO;
				DEBUG_INFORMATION_FORMAT = "dwarf-with-dsym";
				ENABLE_NS_ASSERTIONS = NO;
				ENABLE_STRICT_OBJC_MSGSEND = YES;
				ENABLE_USER_SCRIPT_SANDBOXING = YES;
				GCC_C_LANGUAGE_STANDARD = gnu17;
				GCC_NO_COMMON_BLOCKS = YES;
				GCC_WARN_64_TO_32_BIT_CONVERSION = YES;
				GCC_WARN_ABOUT_RETURN_TYPE = YES_ERROR;
				GCC_WARN_UNDECLARED_SELECTOR = YES;
				GCC_WARN_UNINITIALIZED_AUTOS = YES_AGGRESSIVE;
				GCC_WARN_UNUSED_FUNCTION = YES;
				GCC_WARN_UNUSED_VARIABLE = YES;
				IPHONEOS_DEPLOYMENT_TARGET = 17.0;
				LOCALIZATION_PREFERS_STRING_CATALOGS = YES;
				MTL_ENABLE_DEBUG_INFO = NO;
				MTL_FAST_MATH = YES;
				SDKROOT = iphoneos;
				SWIFT_COMPILATION_MODE = wholemodule;
				VALIDATE_PRODUCT = YES;
			};
			name = Release;
		};
		3C46D84F2A7C9E08007BB0C6 /* Debug */ = {
			isa = XCBuildConfiguration;
			buildSettings = {
				ASSETCATALOG_COMPILER_APPICON_NAME = AppIcon;
				ASSETCATALOG_COMPILER_GLOBAL_ACCENT_COLOR_NAME = AccentColor;
				CODE_SIGN_STYLE = Automatic;
				CURRENT_PROJECT_VERSION = 1;
				DEVELOPMENT_ASSET_PATHS = "\"Task_Managemet/Preview Content\"";
				DEVELOPMENT_TEAM = 38R29HQGHS;
				ENABLE_PREVIEWS = YES;
				GENERATE_INFOPLIST_FILE = YES;
				INFOPLIST_KEY_UIApplicationSceneManifest_Generation = YES;
				INFOPLIST_KEY_UIApplicationSupportsIndirectInputEvents = YES;
				INFOPLIST_KEY_UILaunchScreen_Generation = YES;
				INFOPLIST_KEY_UISupportedInterfaceOrientations_iPad = "UIInterfaceOrientationPortrait UIInterfaceOrientationPortraitUpsideDown UIInterfaceOrientationLandscapeLeft UIInterfaceOrientationLandscapeRight";
				INFOPLIST_KEY_UISupportedInterfaceOrientations_iPhone = "UIInterfaceOrientationPortrait UIInterfaceOrientationLandscapeLeft UIInterfaceOrientationLandscapeRight";
				LD_RUNPATH_SEARCH_PATHS = (
					"$(inherited)",
					"@executable_path/Frameworks",
				);
				MARKETING_VERSION = 1.0;
				PRODUCT_BUNDLE_IDENTIFIER = "com.neolink.Task-Managemet";
				PRODUCT_NAME = "$(TARGET_NAME)";
				SWIFT_EMIT_LOC_STRINGS = YES;
				SWIFT_VERSION = 5.0;
				TARGETED_DEVICE_FAMILY = "1,2";
			};
			name = Debug;
		};
		3C46D8502A7C9E08007BB0C6 /* Release */ = {
			isa = XCBuildConfiguration;
			buildSettings = {
				ASSETCATALOG_COMPILER_APPICON_NAME = AppIcon;
				ASSETCATALOG_COMPILER_GLOBAL_ACCENT_COLOR_NAME = AccentColor;
				CODE_SIGN_STYLE = Automatic;
				CURRENT_PROJECT_VERSION = 1;
				DEVELOPMENT_ASSET_PATHS = "\"Task_Managemet/Preview Content\"";
				DEVELOPMENT_TEAM = 38R29HQGHS;
				ENABLE_PREVIEWS = YES;
				GENERATE_INFOPLIST_FILE = YES;
				INFOPLIST_KEY_UIApplicationSceneManifest_Generation = YES;
				INFOPLIST_KEY_UIApplicationSupportsIndirectInputEvents = YES;
				INFOPLIST_KEY_UILaunchScreen_Generation = YES;
				INFOPLIST_KEY_UISupportedInterfaceOrientations_iPad = "UIInterfaceOrientationPortrait UIInterfaceOrientationPortraitUpsideDown UIInterfaceOrientationLandscapeLeft UIInterfaceOrientationLandscapeRight";
				INFOPLIST_KEY_UISupportedInterfaceOrientations_iPhone = "UIInterfaceOrientationPortrait UIInterfaceOrientationLandscapeLeft UIInterfaceOrientationLandscapeRight";
				LD_RUNPATH_SEARCH_PATHS = (
					"$(inherited)",
					"@executable_path/Frameworks",
				);
				MARKETING_VERSION = 1.0;
				PRODUCT_BUNDLE_IDENTIFIER = "com.neolink.Task-Managemet";
				PRODUCT_NAME = "$(TARGET_NAME)";
				SWIFT_EMIT_LOC_STRINGS = YES;
				SWIFT_VERSION = 5.0;
				TARGETED_DEVICE_FAMILY = "1,2";
			};
			name = Release;
		};
/* End XCBuildConfiguration section */

/* Begin XCConfigurationList section */
		3C46D83B2A7C9E05007BB0C6 /* Build configuration list for PBXProject "Task_Managemet" */ = {
			isa = XCConfigurationList;
			buildConfigurations = (
				3C46D84C2A7C9E08007BB0C6 /* Debug */,
				3C46D84D2A7C9E08007BB0C6 /* Release */,
			);
			defaultConfigurationIsVisible = 0;
			defaultConfigurationName = Release;
		};
		3C46D84E2A7C9E08007BB0C6 /* Build configuration list for PBXNativeTarget "Task_Managemet" */ = {
			isa = XCConfigurationList;
			buildConfigurations = (
				3C46D84F2A7C9E08007BB0C6 /* Debug */,
				3C46D8502A7C9E08007BB0C6 /* Release */,
			);
			defaultConfigurationIsVisible = 0;
			defaultConfigurationName = Release;
		};
/* End XCConfigurationList section */
	};
	rootObject = 3C46D8382A7C9E05007BB0C6 /* Project object */;
}
