// !$*UTF8*$!
{
	archiveVersion = 1;
	classes = {
	};
	objectVersion = 56;
	objects = {

/* Begin PBXBuildFile section */
		3CEE93ED2B5FAE4D00937ACF /* DockProgressViewApp.swift in Sources */ = {isa = PBXBuildFile; fileRef = 3CEE93EC2B5FAE4D00937ACF /* DockProgressViewApp.swift */; };
		3CEE93EF2B5FAE4D00937ACF /* ContentView.swift in Sources */ = {isa = PBXBuildFile; fileRef = 3CEE93EE2B5FAE4D00937ACF /* ContentView.swift */; };
		3CEE93F12B5FAE4E00937ACF /* Assets.xcassets in Resources */ = {isa = PBXBuildFile; fileRef = 3CEE93F02B5FAE4E00937ACF /* Assets.xcassets */; };
		3CEE93F42B5FAE4E00937ACF /* Preview Assets.xcassets in Resources */ = {isa = PBXBuildFile; fileRef = 3CEE93F32B5FAE4E00937ACF /* Preview Assets.xcassets */; };
		3CEE93FD2B5FAECD00937ACF /* DockProgress.swift in Sources */ = {isa = PBXBuildFile; fileRef = 3CEE93FC2B5FAECD00937ACF /* DockProgress.swift */; };
/* End PBXBuildFile section */

/* Begin PBXFileReference section */
		3CEE93E92B5FAE4D00937ACF /* DockProgressView.app */ = {isa = PBXFileReference; explicitFileType = wrapper.application; includeInIndex = 0; path = DockProgressView.app; sourceTree = BUILT_PRODUCTS_DIR; };
		3CEE93EC2B5FAE4D00937ACF /* DockProgressViewApp.swift */ = {isa = PBXFileReference; lastKnownFileType = sourcecode.swift; path = DockProgressViewApp.swift; sourceTree = "<group>"; };
		3CEE93EE2B5FAE4D00937ACF /* ContentView.swift */ = {isa = PBXFileReference; lastKnownFileType = sourcecode.swift; path = ContentView.swift; sourceTree = "<group>"; };
		3CEE93F02B5FAE4E00937ACF /* Assets.xcassets */ = {isa = PBXFileReference; lastKnownFileType = folder.assetcatalog; path = Assets.xcassets; sourceTree = "<group>"; };
		3CEE93F32B5FAE4E00937ACF /* Preview Assets.xcassets */ = {isa = PBXFileReference; lastKnownFileType = folder.assetcatalog; path = "Preview Assets.xcassets"; sourceTree = "<group>"; };
		3CEE93F52B5FAE4E00937ACF /* DockProgressView.entitlements */ = {isa = PBXFileReference; lastKnownFileType = text.plist.entitlements; path = DockProgressView.entitlements; sourceTree = "<group>"; };
		3CEE93FC2B5FAECD00937ACF /* DockProgress.swift */ = {isa = PBXFileReference; lastKnownFileType = sourcecode.swift; path = DockProgress.swift; sourceTree = "<group>"; };
/* End PBXFileReference section */

/* Begin PBXFrameworksBuildPhase section */
		3CEE93E62B5FAE4D00937ACF /* Frameworks */ = {
			isa = PBXFrameworksBuildPhase;
			buildActionMask = 2147483647;
			files = (
			);
			runOnlyForDeploymentPostprocessing = 0;
		};
/* End PBXFrameworksBuildPhase section */

/* Begin PBXGroup section */
		3CEE93E02B5FAE4D00937ACF = {
			isa = PBXGroup;
			children = (
				3CEE93EB2B5FAE4D00937ACF /* DockProgressView */,
				3CEE93EA2B5FAE4D00937ACF /* Products */,
			);
			sourceTree = "<group>";
		};
		3CEE93EA2B5FAE4D00937ACF /* Products */ = {
			isa = PBXGroup;
			children = (
				3CEE93E92B5FAE4D00937ACF /* DockProgressView.app */,
			);
			name = Products;
			sourceTree = "<group>";
		};
		3CEE93EB2B5FAE4D00937ACF /* DockProgressView */ = {
			isa = PBXGroup;
			children = (
				3CEE93FB2B5FAEBA00937ACF /* Helpers */,
				3CEE93EC2B5FAE4D00937ACF /* DockProgressViewApp.swift */,
				3CEE93EE2B5FAE4D00937ACF /* ContentView.swift */,
				3CEE93F02B5FAE4E00937ACF /* Assets.xcassets */,
				3CEE93F52B5FAE4E00937ACF /* DockProgressView.entitlements */,
				3CEE93F22B5FAE4E00937ACF /* Preview Content */,
			);
			path = DockProgressView;
			sourceTree = "<group>";
		};
		3CEE93F22B5FAE4E00937ACF /* Preview Content */ = {
			isa = PBXGroup;
			children = (
				3CEE93F32B5FAE4E00937ACF /* Preview Assets.xcassets */,
			);
			path = "Preview Content";
			sourceTree = "<group>";
		};
		3CEE93FB2B5FAEBA00937ACF /* Helpers */ = {
			isa = PBXGroup;
			children = (
				3CEE93FC2B5FAECD00937ACF /* DockProgress.swift */,
			);
			path = Helpers;
			sourceTree = "<group>";
		};
/* End PBXGroup section */

/* Begin PBXNativeTarget section */
		3CEE93E82B5FAE4D00937ACF /* DockProgressView */ = {
			isa = PBXNativeTarget;
			buildConfigurationList = 3CEE93F82B5FAE4E00937ACF /* Build configuration list for PBXNativeTarget "DockProgressView" */;
			buildPhases = (
				3CEE93E52B5FAE4D00937ACF /* Sources */,
				3CEE93E62B5FAE4D00937ACF /* Frameworks */,
				3CEE93E72B5FAE4D00937ACF /* Resources */,
			);
			buildRules = (
			);
			dependencies = (
			);
			name = DockProgressView;
			productName = DockProgressView;
			productReference = 3CEE93E92B5FAE4D00937ACF /* DockProgressView.app */;
			productType = "com.apple.product-type.application";
		};
/* End PBXNativeTarget section */

/* Begin PBXProject section */
		3CEE93E12B5FAE4D00937ACF /* Project object */ = {
			isa = PBXProject;
			attributes = {
				BuildIndependentTargetsInParallel = 1;
				LastSwiftUpdateCheck = 1500;
				LastUpgradeCheck = 1500;
				TargetAttributes = {
					3CEE93E82B5FAE4D00937ACF = {
						CreatedOnToolsVersion = 15.0;
					};
				};
			};
			buildConfigurationList = 3CEE93E42B5FAE4D00937ACF /* Build configuration list for PBXProject "DockProgressView" */;
			compatibilityVersion = "Xcode 14.0";
			developmentRegion = en;
			hasScannedForEncodings = 0;
			knownRegions = (
				en,
				Base,
			);
			mainGroup = 3CEE93E02B5FAE4D00937ACF;
			productRefGroup = 3CEE93EA2B5FAE4D00937ACF /* Products */;
			projectDirPath = "";
			projectRoot = "";
			targets = (
				3CEE93E82B5FAE4D00937ACF /* DockProgressView */,
			);
		};
/* End PBXProject section */

/* Begin PBXResourcesBuildPhase section */
		3CEE93E72B5FAE4D00937ACF /* Resources */ = {
			isa = PBXResourcesBuildPhase;
			buildActionMask = 2147483647;
			files = (
				3CEE93F42B5FAE4E00937ACF /* Preview Assets.xcassets in Resources */,
				3CEE93F12B5FAE4E00937ACF /* Assets.xcassets in Resources */,
			);
			runOnlyForDeploymentPostprocessing = 0;
		};
/* End PBXResourcesBuildPhase section */

/* Begin PBXSourcesBuildPhase section */
		3CEE93E52B5FAE4D00937ACF /* Sources */ = {
			isa = PBXSourcesBuildPhase;
			buildActionMask = 2147483647;
			files = (
				3CEE93EF2B5FAE4D00937ACF /* ContentView.swift in Sources */,
				3CEE93FD2B5FAECD00937ACF /* DockProgress.swift in Sources */,
				3CEE93ED2B5FAE4D00937ACF /* DockProgressViewApp.swift in Sources */,
			);
			runOnlyForDeploymentPostprocessing = 0;
		};
/* End PBXSourcesBuildPhase section */

/* Begin XCBuildConfiguration section */
		3CEE93F62B5FAE4E00937ACF /* Debug */ = {
			isa = XCBuildConfiguration;
			buildSettings = {
				ALWAYS_SEARCH_USER_PATHS = NO;
				ASSETCATALOG_COMPILER_GENERATE_SWIFT_ASSET_SYMBOL_EXTENSIONS = YES;
				CLANG_ANALYZER_NONNULL = YES;
				CLANG_ANALYZER_NUMBER_OBJECT_CONVERSION = YES_AGGRESSIVE;
				CLANG_CXX_LANGUAGE_STANDARD = "gnu++20";
				CLANG_ENABLE_MODULES = YES;
				CLANG_ENABLE_OBJC_ARC = YES;
				CLANG_ENABLE_OBJC_WEAK = YES;
				CLANG_WARN_BLOCK_CAPTURE_AUTORELEASING = YES;
				CLANG_WARN_BOOL_CONVERSION = YES;
				CLANG_WARN_COMMA = YES;
				CLANG_WARN_CONSTANT_CONVERSION = YES;
				CLANG_WARN_DEPRECATED_OBJC_IMPLEMENTATIONS = YES;
				CLANG_WARN_DIRECT_OBJC_ISA_USAGE = YES_ERROR;
				CLANG_WARN_DOCUMENTATION_COMMENTS = YES;
				CLANG_WARN_EMPTY_BODY = YES;
				CLANG_WARN_ENUM_CONVERSION = YES;
				CLANG_WARN_INFINITE_RECURSION = YES;
				CLANG_WARN_INT_CONVERSION = YES;
				CLANG_WARN_NON_LITERAL_NULL_CONVERSION = YES;
				CLANG_WARN_OBJC_IMPLICIT_RETAIN_SELF = YES;
				CLANG_WARN_OBJC_LITERAL_CONVERSION = YES;
				CLANG_WARN_OBJC_ROOT_CLASS = YES_ERROR;
				CLANG_WARN_QUOTED_INCLUDE_IN_FRAMEWORK_HEADER = YES;
				CLANG_WARN_RANGE_LOOP_ANALYSIS = YES;
				CLANG_WARN_STRICT_PROTOTYPES = YES;
				CLANG_WARN_SUSPICIOUS_MOVE = YES;
				CLANG_WARN_UNGUARDED_AVAILABILITY = YES_AGGRESSIVE;
				CLANG_WARN_UNREACHABLE_CODE = YES;
				CLANG_WARN__DUPLICATE_METHOD_MATCH = YES;
				COPY_PHASE_STRIP = NO;
				DEBUG_INFORMATION_FORMAT = dwarf;
				ENABLE_STRICT_OBJC_MSGSEND = YES;
				ENABLE_TESTABILITY = YES;
				ENABLE_USER_SCRIPT_SANDBOXING = YES;
				GCC_C_LANGUAGE_STANDARD = gnu17;
				GCC_DYNAMIC_NO_PIC = NO;
				GCC_NO_COMMON_BLOCKS = YES;
				GCC_OPTIMIZATION_LEVEL = 0;
				GCC_PREPROCESSOR_DEFINITIONS = (
					"DEBUG=1",
					"$(inherited)",
				);
				GCC_WARN_64_TO_32_BIT_CONVERSION = YES;
				GCC_WARN_ABOUT_RETURN_TYPE = YES_ERROR;
				GCC_WARN_UNDECLARED_SELECTOR = YES;
				GCC_WARN_UNINITIALIZED_AUTOS = YES_AGGRESSIVE;
				GCC_WARN_UNUSED_FUNCTION = YES;
				GCC_WARN_UNUSED_VARIABLE = YES;
				LOCALIZATION_PREFERS_STRING_CATALOGS = YES;
				MACOSX_DEPLOYMENT_TARGET = 14.0;
				MTL_ENABLE_DEBUG_INFO = INCLUDE_SOURCE;
				MTL_FAST_MATH = YES;
				ONLY_ACTIVE_ARCH = YES;
				SDKROOT = macosx;
				SWIFT_ACTIVE_COMPILATION_CONDITIONS = "DEBUG $(inherited)";
				SWIFT_OPTIMIZATION_LEVEL = "-Onone";
			};
			name = Debug;
		};
		3CEE93F72B5FAE4E00937ACF /* Release */ = {
			isa = XCBuildConfiguration;
			buildSettings = {
				ALWAYS_SEARCH_USER_PATHS = NO;
				ASSETCATALOG_COMPILER_GENERATE_SWIFT_ASSET_SYMBOL_EXTENSIONS = YES;
				CLANG_ANALYZER_NONNULL = YES;
				CLANG_ANALYZER_NUMBER_OBJECT_CONVERSION = YES_AGGRESSIVE;
				CLANG_CXX_LANGUAGE_STANDARD = "gnu++20";
				CLANG_ENABLE_MODULES = YES;
				CLANG_ENABLE_OBJC_ARC = YES;
				CLANG_ENABLE_OBJC_WEAK = YES;
				CLANG_WARN_BLOCK_CAPTURE_AUTORELEASING = YES;
				CLANG_WARN_BOOL_CONVERSION = YES;
				CLANG_WARN_COMMA = YES;
				CLANG_WARN_CONSTANT_CONVERSION = YES;
				CLANG_WARN_DEPRECATED_OBJC_IMPLEMENTATIONS = YES;
				CLANG_WARN_DIRECT_OBJC_ISA_USAGE = YES_ERROR;
				CLANG_WARN_DOCUMENTATION_COMMENTS = YES;
				CLANG_WARN_EMPTY_BODY = YES;
				CLANG_WARN_ENUM_CONVERSION = YES;
				CLANG_WARN_INFINITE_RECURSION = YES;
				CLANG_WARN_INT_CONVERSION = YES;
				CLANG_WARN_NON_LITERAL_NULL_CONVERSION = YES;
				CLANG_WARN_OBJC_IMPLICIT_RETAIN_SELF = YES;
				CLANG_WARN_OBJC_LITERAL_CONVERSION = YES;
				CLANG_WARN_OBJC_ROOT_CLASS = YES_ERROR;
				CLANG_WARN_QUOTED_INCLUDE_IN_FRAMEWORK_HEADER = YES;
				CLANG_WARN_RANGE_LOOP_ANALYSIS = YES;
				CLANG_WARN_STRICT_PROTOTYPES = YES;
				CLANG_WARN_SUSPICIOUS_MOVE = YES;
				CLANG_WARN_UNGUARDED_AVAILABILITY = YES_AGGRESSIVE;
				CLANG_WARN_UNREACHABLE_CODE = YES;
				CLANG_WARN__DUPLICATE_METHOD_MATCH = YES;
				COPY_PHASE_STRIP = NO;
				DEBUG_INFORMATION_FORMAT = "dwarf-with-dsym";
				ENABLE_NS_ASSERTIONS = NO;
				ENABLE_STRICT_OBJC_MSGSEND = YES;
				ENABLE_USER_SCRIPT_SANDBOXING = YES;
				GCC_C_LANGUAGE_STANDARD = gnu17;
				GCC_NO_COMMON_BLOCKS = YES;
				GCC_WARN_64_TO_32_BIT_CONVERSION = YES;
				GCC_WARN_ABOUT_RETURN_TYPE = YES_ERROR;
				GCC_WARN_UNDECLARED_SELECTOR = YES;
				GCC_WARN_UNINITIALIZED_AUTOS = YES_AGGRESSIVE;
				GCC_WARN_UNUSED_FUNCTION = YES;
				GCC_WARN_UNUSED_VARIABLE = YES;
				LOCALIZATION_PREFERS_STRING_CATALOGS = YES;
				MACOSX_DEPLOYMENT_TARGET = 14.0;
				MTL_ENABLE_DEBUG_INFO = NO;
				MTL_FAST_MATH = YES;
				SDKROOT = macosx;
				SWIFT_COMPILATION_MODE = wholemodule;
			};
			name = Release;
		};
		3CEE93F92B5FAE4E00937ACF /* Debug */ = {
			isa = XCBuildConfiguration;
			buildSettings = {
				ASSETCATALOG_COMPILER_APPICON_NAME = AppIcon;
				ASSETCATALOG_COMPILER_GLOBAL_ACCENT_COLOR_NAME = AccentColor;
				CODE_SIGN_ENTITLEMENTS = DockProgressView/DockProgressView.entitlements;
				CODE_SIGN_STYLE = Automatic;
				COMBINE_HIDPI_IMAGES = YES;
				CURRENT_PROJECT_VERSION = 1;
				DEVELOPMENT_ASSET_PATHS = "\"DockProgressView/Preview Content\"";
				DEVELOPMENT_TEAM = 38R29HQGHS;
				ENABLE_HARDENED_RUNTIME = YES;
				ENABLE_PREVIEWS = YES;
				GENERATE_INFOPLIST_FILE = YES;
				INFOPLIST_KEY_NSHumanReadableCopyright = "";
				LD_RUNPATH_SEARCH_PATHS = (
					"$(inherited)",
					"@executable_path/../Frameworks",
				);
				MARKETING_VERSION = 1.0;
				PRODUCT_BUNDLE_IDENTIFIER = com.neolink.DockProgressView;
				PRODUCT_NAME = "$(TARGET_NAME)";
				SWIFT_EMIT_LOC_STRINGS = YES;
				SWIFT_VERSION = 5.0;
			};
			name = Debug;
		};
		3CEE93FA2B5FAE4E00937ACF /* Release */ = {
			isa = XCBuildConfiguration;
			buildSettings = {
				ASSETCATALOG_COMPILER_APPICON_NAME = AppIcon;
				ASSETCATALOG_COMPILER_GLOBAL_ACCENT_COLOR_NAME = AccentColor;
				CODE_SIGN_ENTITLEMENTS = DockProgressView/DockProgressView.entitlements;
				CODE_SIGN_STYLE = Automatic;
				COMBINE_HIDPI_IMAGES = YES;
				CURRENT_PROJECT_VERSION = 1;
				DEVELOPMENT_ASSET_PATHS = "\"DockProgressView/Preview Content\"";
				DEVELOPMENT_TEAM = 38R29HQGHS;
				ENABLE_HARDENED_RUNTIME = YES;
				ENABLE_PREVIEWS = YES;
				GENERATE_INFOPLIST_FILE = YES;
				INFOPLIST_KEY_NSHumanReadableCopyright = "";
				LD_RUNPATH_SEARCH_PATHS = (
					"$(inherited)",
					"@executable_path/../Frameworks",
				);
				MARKETING_VERSION = 1.0;
				PRODUCT_BUNDLE_IDENTIFIER = com.neolink.DockProgressView;
				PRODUCT_NAME = "$(TARGET_NAME)";
				SWIFT_EMIT_LOC_STRINGS = YES;
				SWIFT_VERSION = 5.0;
			};
			name = Release;
		};
/* End XCBuildConfiguration section */

/* Begin XCConfigurationList section */
		3CEE93E42B5FAE4D00937ACF /* Build configuration list for PBXProject "DockProgressView" */ = {
			isa = XCConfigurationList;
			buildConfigurations = (
				3CEE93F62B5FAE4E00937ACF /* Debug */,
				3CEE93F72B5FAE4E00937ACF /* Release */,
			);
			defaultConfigurationIsVisible = 0;
			defaultConfigurationName = Release;
		};
		3CEE93F82B5FAE4E00937ACF /* Build configuration list for PBXNativeTarget "DockProgressView" */ = {
			isa = XCConfigurationList;
			buildConfigurations = (
				3CEE93F92B5FAE4E00937ACF /* Debug */,
				3CEE93FA2B5FAE4E00937ACF /* Release */,
			);
			defaultConfigurationIsVisible = 0;
			defaultConfigurationName = Release;
		};
/* End XCConfigurationList section */
	};
	rootObject = 3CEE93E12B5FAE4D00937ACF /* Project object */;
}
