// !$*UTF8*$!
{
	archiveVersion = 1;
	classes = {
	};
	objectVersion = 56;
	objects = {

/* Begin PBXBuildFile section */
		3C2301882A774910004C7CCD /* SPQuickResponseListDataApp.swift in Sources */ = {isa = PBXBuildFile; fileRef = 3C2301872A774910004C7CCD /* SPQuickResponseListDataApp.swift */; };
		3C23018A2A774910004C7CCD /* ContentView.swift in Sources */ = {isa = PBXBuildFile; fileRef = 3C2301892A774910004C7CCD /* ContentView.swift */; };
		3C23018C2A774911004C7CCD /* Assets.xcassets in Resources */ = {isa = PBXBuildFile; fileRef = 3C23018B2A774911004C7CCD /* Assets.xcassets */; };
		3C23018F2A774911004C7CCD /* Preview Assets.xcassets in Resources */ = {isa = PBXBuildFile; fileRef = 3C23018E2A774911004C7CCD /* Preview Assets.xcassets */; };
		3C23019D2A774A74004C7CCD /* FetchRequestDemo.xcdatamodeld in Sources */ = {isa = PBXBuildFile; fileRef = 3C23019B2A774A74004C7CCD /* FetchRequestDemo.xcdatamodeld */; };
		3C23019F2A774AA6004C7CCD /* ItemRow.swift in Sources */ = {isa = PBXBuildFile; fileRef = 3C23019E2A774AA6004C7CCD /* ItemRow.swift */; };
		3C2301A22A774C78004C7CCD /* Persistence.swift in Sources */ = {isa = PBXBuildFile; fileRef = 3C2301A12A774C78004C7CCD /* Persistence.swift */; };
		3C2301A92A775ACC004C7CCD /* Timer.swift in Sources */ = {isa = PBXBuildFile; fileRef = 3C2301A82A775ACC004C7CCD /* Timer.swift */; };
		3C2301AB2A775B2F004C7CCD /* ShowTime.swift in Sources */ = {isa = PBXBuildFile; fileRef = 3C2301AA2A775B2E004C7CCD /* ShowTime.swift */; };
		3C2301AE2A7783E0004C7CCD /* ListEachRowHasID.swift in Sources */ = {isa = PBXBuildFile; fileRef = 3C2301AC2A7783E0004C7CCD /* ListEachRowHasID.swift */; };
		3C2301AF2A7783E0004C7CCD /* ListOnlyTopAndBottomHasID.swift in Sources */ = {isa = PBXBuildFile; fileRef = 3C2301AD2A7783E0004C7CCD /* ListOnlyTopAndBottomHasID.swift */; };
/* End PBXBuildFile section */

/* Begin PBXFileReference section */
		3C2301842A774910004C7CCD /* SPQuickResponseListData.app */ = {isa = PBXFileReference; explicitFileType = wrapper.application; includeInIndex = 0; path = SPQuickResponseListData.app; sourceTree = BUILT_PRODUCTS_DIR; };
		3C2301872A774910004C7CCD /* SPQuickResponseListDataApp.swift */ = {isa = PBXFileReference; lastKnownFileType = sourcecode.swift; path = SPQuickResponseListDataApp.swift; sourceTree = "<group>"; };
		3C2301892A774910004C7CCD /* ContentView.swift */ = {isa = PBXFileReference; lastKnownFileType = sourcecode.swift; path = ContentView.swift; sourceTree = "<group>"; };
		3C23018B2A774911004C7CCD /* Assets.xcassets */ = {isa = PBXFileReference; lastKnownFileType = folder.assetcatalog; path = Assets.xcassets; sourceTree = "<group>"; };
		3C23018E2A774911004C7CCD /* Preview Assets.xcassets */ = {isa = PBXFileReference; lastKnownFileType = folder.assetcatalog; path = "Preview Assets.xcassets"; sourceTree = "<group>"; };
		3C2301952A774935004C7CCD /* Readme.md */ = {isa = PBXFileReference; lastKnownFileType = net.daringfireball.markdown; path = Readme.md; sourceTree = "<group>"; };
		3C23019C2A774A74004C7CCD /* Item.xcdatamodel */ = {isa = PBXFileReference; lastKnownFileType = wrapper.xcdatamodel; path = Item.xcdatamodel; sourceTree = "<group>"; };
		3C23019E2A774AA6004C7CCD /* ItemRow.swift */ = {isa = PBXFileReference; lastKnownFileType = sourcecode.swift; path = ItemRow.swift; sourceTree = "<group>"; };
		3C2301A12A774C78004C7CCD /* Persistence.swift */ = {isa = PBXFileReference; lastKnownFileType = sourcecode.swift; path = Persistence.swift; sourceTree = "<group>"; };
		3C2301A82A775ACC004C7CCD /* Timer.swift */ = {isa = PBXFileReference; lastKnownFileType = sourcecode.swift; path = Timer.swift; sourceTree = "<group>"; };
		3C2301AA2A775B2E004C7CCD /* ShowTime.swift */ = {isa = PBXFileReference; fileEncoding = 4; lastKnownFileType = sourcecode.swift; path = ShowTime.swift; sourceTree = "<group>"; };
		3C2301AC2A7783E0004C7CCD /* ListEachRowHasID.swift */ = {isa = PBXFileReference; fileEncoding = 4; lastKnownFileType = sourcecode.swift; path = ListEachRowHasID.swift; sourceTree = "<group>"; };
		3C2301AD2A7783E0004C7CCD /* ListOnlyTopAndBottomHasID.swift */ = {isa = PBXFileReference; fileEncoding = 4; lastKnownFileType = sourcecode.swift; path = ListOnlyTopAndBottomHasID.swift; sourceTree = "<group>"; };
/* End PBXFileReference section */

/* Begin PBXFrameworksBuildPhase section */
		3C2301812A774910004C7CCD /* Frameworks */ = {
			isa = PBXFrameworksBuildPhase;
			buildActionMask = 2147483647;
			files = (
			);
			runOnlyForDeploymentPostprocessing = 0;
		};
/* End PBXFrameworksBuildPhase section */

/* Begin PBXGroup section */
		3C23017B2A774910004C7CCD = {
			isa = PBXGroup;
			children = (
				3C2301862A774910004C7CCD /* SPQuickResponseListData */,
				3C2301852A774910004C7CCD /* Products */,
			);
			sourceTree = "<group>";
		};
		3C2301852A774910004C7CCD /* Products */ = {
			isa = PBXGroup;
			children = (
				3C2301842A774910004C7CCD /* SPQuickResponseListData.app */,
			);
			name = Products;
			sourceTree = "<group>";
		};
		3C2301862A774910004C7CCD /* SPQuickResponseListData */ = {
			isa = PBXGroup;
			children = (
				3C2301972A7749E4004C7CCD /* Model */,
				3C2301962A7749DF004C7CCD /* View  */,
				3C2301872A774910004C7CCD /* SPQuickResponseListDataApp.swift */,
				3C2301892A774910004C7CCD /* ContentView.swift */,
				3C2301AA2A775B2E004C7CCD /* ShowTime.swift */,
				3C2301952A774935004C7CCD /* Readme.md */,
				3C23018B2A774911004C7CCD /* Assets.xcassets */,
				3C23018D2A774911004C7CCD /* Preview Content */,
			);
			path = SPQuickResponseListData;
			sourceTree = "<group>";
		};
		3C23018D2A774911004C7CCD /* Preview Content */ = {
			isa = PBXGroup;
			children = (
				3C23018E2A774911004C7CCD /* Preview Assets.xcassets */,
			);
			path = "Preview Content";
			sourceTree = "<group>";
		};
		3C2301962A7749DF004C7CCD /* View  */ = {
			isa = PBXGroup;
			children = (
				3C2301A72A7752A8004C7CCD /* Demos */,
			);
			path = "View ";
			sourceTree = "<group>";
		};
		3C2301972A7749E4004C7CCD /* Model */ = {
			isa = PBXGroup;
			children = (
				3C2301A02A774C65004C7CCD /* CoreData */,
				3C23019A2A774A63004C7CCD /* DB */,
				3C23019E2A774AA6004C7CCD /* ItemRow.swift */,
				3C2301A82A775ACC004C7CCD /* Timer.swift */,
			);
			path = Model;
			sourceTree = "<group>";
		};
		3C23019A2A774A63004C7CCD /* DB */ = {
			isa = PBXGroup;
			children = (
				3C23019B2A774A74004C7CCD /* FetchRequestDemo.xcdatamodeld */,
			);
			path = DB;
			sourceTree = "<group>";
		};
		3C2301A02A774C65004C7CCD /* CoreData */ = {
			isa = PBXGroup;
			children = (
				3C2301A12A774C78004C7CCD /* Persistence.swift */,
			);
			path = CoreData;
			sourceTree = "<group>";
		};
		3C2301A72A7752A8004C7CCD /* Demos */ = {
			isa = PBXGroup;
			children = (
				3C2301AD2A7783E0004C7CCD /* ListOnlyTopAndBottomHasID.swift */,
				3C2301AC2A7783E0004C7CCD /* ListEachRowHasID.swift */,
			);
			path = Demos;
			sourceTree = "<group>";
		};
/* End PBXGroup section */

/* Begin PBXNativeTarget section */
		3C2301832A774910004C7CCD /* SPQuickResponseListData */ = {
			isa = PBXNativeTarget;
			buildConfigurationList = 3C2301922A774911004C7CCD /* Build configuration list for PBXNativeTarget "SPQuickResponseListData" */;
			buildPhases = (
				3C2301802A774910004C7CCD /* Sources */,
				3C2301812A774910004C7CCD /* Frameworks */,
				3C2301822A774910004C7CCD /* Resources */,
			);
			buildRules = (
			);
			dependencies = (
			);
			name = SPQuickResponseListData;
			productName = SPQuickResponseListData;
			productReference = 3C2301842A774910004C7CCD /* SPQuickResponseListData.app */;
			productType = "com.apple.product-type.application";
		};
/* End PBXNativeTarget section */

/* Begin PBXProject section */
		3C23017C2A774910004C7CCD /* Project object */ = {
			isa = PBXProject;
			attributes = {
				BuildIndependentTargetsInParallel = 1;
				LastSwiftUpdateCheck = 1430;
				LastUpgradeCheck = 1430;
				TargetAttributes = {
					3C2301832A774910004C7CCD = {
						CreatedOnToolsVersion = 14.3.1;
					};
				};
			};
			buildConfigurationList = 3C23017F2A774910004C7CCD /* Build configuration list for PBXProject "SPQuickResponseListData" */;
			compatibilityVersion = "Xcode 14.0";
			developmentRegion = en;
			hasScannedForEncodings = 0;
			knownRegions = (
				en,
				Base,
			);
			mainGroup = 3C23017B2A774910004C7CCD;
			productRefGroup = 3C2301852A774910004C7CCD /* Products */;
			projectDirPath = "";
			projectRoot = "";
			targets = (
				3C2301832A774910004C7CCD /* SPQuickResponseListData */,
			);
		};
/* End PBXProject section */

/* Begin PBXResourcesBuildPhase section */
		3C2301822A774910004C7CCD /* Resources */ = {
			isa = PBXResourcesBuildPhase;
			buildActionMask = 2147483647;
			files = (
				3C23018F2A774911004C7CCD /* Preview Assets.xcassets in Resources */,
				3C23018C2A774911004C7CCD /* Assets.xcassets in Resources */,
			);
			runOnlyForDeploymentPostprocessing = 0;
		};
/* End PBXResourcesBuildPhase section */

/* Begin PBXSourcesBuildPhase section */
		3C2301802A774910004C7CCD /* Sources */ = {
			isa = PBXSourcesBuildPhase;
			buildActionMask = 2147483647;
			files = (
				3C23019D2A774A74004C7CCD /* FetchRequestDemo.xcdatamodeld in Sources */,
				3C2301AB2A775B2F004C7CCD /* ShowTime.swift in Sources */,
				3C2301AF2A7783E0004C7CCD /* ListOnlyTopAndBottomHasID.swift in Sources */,
				3C23018A2A774910004C7CCD /* ContentView.swift in Sources */,
				3C2301A92A775ACC004C7CCD /* Timer.swift in Sources */,
				3C23019F2A774AA6004C7CCD /* ItemRow.swift in Sources */,
				3C2301A22A774C78004C7CCD /* Persistence.swift in Sources */,
				3C2301882A774910004C7CCD /* SPQuickResponseListDataApp.swift in Sources */,
				3C2301AE2A7783E0004C7CCD /* ListEachRowHasID.swift in Sources */,
			);
			runOnlyForDeploymentPostprocessing = 0;
		};
/* End PBXSourcesBuildPhase section */

/* Begin XCBuildConfiguration section */
		3C2301902A774911004C7CCD /* Debug */ = {
			isa = XCBuildConfiguration;
			buildSettings = {
				ALWAYS_SEARCH_USER_PATHS = NO;
				CLANG_ANALYZER_NONNULL = YES;
				CLANG_ANALYZER_NUMBER_OBJECT_CONVERSION = YES_AGGRESSIVE;
				CLANG_CXX_LANGUAGE_STANDARD = "gnu++20";
				CLANG_ENABLE_MODULES = YES;
				CLANG_ENABLE_OBJC_ARC = YES;
				CLANG_ENABLE_OBJC_WEAK = YES;
				CLANG_WARN_BLOCK_CAPTURE_AUTORELEASING = YES;
				CLANG_WARN_BOOL_CONVERSION = YES;
				CLANG_WARN_COMMA = YES;
				CLANG_WARN_CONSTANT_CONVERSION = YES;
				CLANG_WARN_DEPRECATED_OBJC_IMPLEMENTATIONS = YES;
				CLANG_WARN_DIRECT_OBJC_ISA_USAGE = YES_ERROR;
				CLANG_WARN_DOCUMENTATION_COMMENTS = YES;
				CLANG_WARN_EMPTY_BODY = YES;
				CLANG_WARN_ENUM_CONVERSION = YES;
				CLANG_WARN_INFINITE_RECURSION = YES;
				CLANG_WARN_INT_CONVERSION = YES;
				CLANG_WARN_NON_LITERAL_NULL_CONVERSION = YES;
				CLANG_WARN_OBJC_IMPLICIT_RETAIN_SELF = YES;
				CLANG_WARN_OBJC_LITERAL_CONVERSION = YES;
				CLANG_WARN_OBJC_ROOT_CLASS = YES_ERROR;
				CLANG_WARN_QUOTED_INCLUDE_IN_FRAMEWORK_HEADER = YES;
				CLANG_WARN_RANGE_LOOP_ANALYSIS = YES;
				CLANG_WARN_STRICT_PROTOTYPES = YES;
				CLANG_WARN_SUSPICIOUS_MOVE = YES;
				CLANG_WARN_UNGUARDED_AVAILABILITY = YES_AGGRESSIVE;
				CLANG_WARN_UNREACHABLE_CODE = YES;
				CLANG_WARN__DUPLICATE_METHOD_MATCH = YES;
				COPY_PHASE_STRIP = NO;
				DEBUG_INFORMATION_FORMAT = dwarf;
				ENABLE_STRICT_OBJC_MSGSEND = YES;
				ENABLE_TESTABILITY = YES;
				GCC_C_LANGUAGE_STANDARD = gnu11;
				GCC_DYNAMIC_NO_PIC = NO;
				GCC_NO_COMMON_BLOCKS = YES;
				GCC_OPTIMIZATION_LEVEL = 0;
				GCC_PREPROCESSOR_DEFINITIONS = (
					"DEBUG=1",
					"$(inherited)",
				);
				GCC_WARN_64_TO_32_BIT_CONVERSION = YES;
				GCC_WARN_ABOUT_RETURN_TYPE = YES_ERROR;
				GCC_WARN_UNDECLARED_SELECTOR = YES;
				GCC_WARN_UNINITIALIZED_AUTOS = YES_AGGRESSIVE;
				GCC_WARN_UNUSED_FUNCTION = YES;
				GCC_WARN_UNUSED_VARIABLE = YES;
				IPHONEOS_DEPLOYMENT_TARGET = 16.4;
				MTL_ENABLE_DEBUG_INFO = INCLUDE_SOURCE;
				MTL_FAST_MATH = YES;
				ONLY_ACTIVE_ARCH = YES;
				SDKROOT = iphoneos;
				SWIFT_ACTIVE_COMPILATION_CONDITIONS = DEBUG;
				SWIFT_OPTIMIZATION_LEVEL = "-Onone";
			};
			name = Debug;
		};
		3C2301912A774911004C7CCD /* Release */ = {
			isa = XCBuildConfiguration;
			buildSettings = {
				ALWAYS_SEARCH_USER_PATHS = NO;
				CLANG_ANALYZER_NONNULL = YES;
				CLANG_ANALYZER_NUMBER_OBJECT_CONVERSION = YES_AGGRESSIVE;
				CLANG_CXX_LANGUAGE_STANDARD = "gnu++20";
				CLANG_ENABLE_MODULES = YES;
				CLANG_ENABLE_OBJC_ARC = YES;
				CLANG_ENABLE_OBJC_WEAK = YES;
				CLANG_WARN_BLOCK_CAPTURE_AUTORELEASING = YES;
				CLANG_WARN_BOOL_CONVERSION = YES;
				CLANG_WARN_COMMA = YES;
				CLANG_WARN_CONSTANT_CONVERSION = YES;
				CLANG_WARN_DEPRECATED_OBJC_IMPLEMENTATIONS = YES;
				CLANG_WARN_DIRECT_OBJC_ISA_USAGE = YES_ERROR;
				CLANG_WARN_DOCUMENTATION_COMMENTS = YES;
				CLANG_WARN_EMPTY_BODY = YES;
				CLANG_WARN_ENUM_CONVERSION = YES;
				CLANG_WARN_INFINITE_RECURSION = YES;
				CLANG_WARN_INT_CONVERSION = YES;
				CLANG_WARN_NON_LITERAL_NULL_CONVERSION = YES;
				CLANG_WARN_OBJC_IMPLICIT_RETAIN_SELF = YES;
				CLANG_WARN_OBJC_LITERAL_CONVERSION = YES;
				CLANG_WARN_OBJC_ROOT_CLASS = YES_ERROR;
				CLANG_WARN_QUOTED_INCLUDE_IN_FRAMEWORK_HEADER = YES;
				CLANG_WARN_RANGE_LOOP_ANALYSIS = YES;
				CLANG_WARN_STRICT_PROTOTYPES = YES;
				CLANG_WARN_SUSPICIOUS_MOVE = YES;
				CLANG_WARN_UNGUARDED_AVAILABILITY = YES_AGGRESSIVE;
				CLANG_WARN_UNREACHABLE_CODE = YES;
				CLANG_WARN__DUPLICATE_METHOD_MATCH = YES;
				COPY_PHASE_STRIP = NO;
				DEBUG_INFORMATION_FORMAT = "dwarf-with-dsym";
				ENABLE_NS_ASSERTIONS = NO;
				ENABLE_STRICT_OBJC_MSGSEND = YES;
				GCC_C_LANGUAGE_STANDARD = gnu11;
				GCC_NO_COMMON_BLOCKS = YES;
				GCC_WARN_64_TO_32_BIT_CONVERSION = YES;
				GCC_WARN_ABOUT_RETURN_TYPE = YES_ERROR;
				GCC_WARN_UNDECLARED_SELECTOR = YES;
				GCC_WARN_UNINITIALIZED_AUTOS = YES_AGGRESSIVE;
				GCC_WARN_UNUSED_FUNCTION = YES;
				GCC_WARN_UNUSED_VARIABLE = YES;
				IPHONEOS_DEPLOYMENT_TARGET = 16.4;
				MTL_ENABLE_DEBUG_INFO = NO;
				MTL_FAST_MATH = YES;
				SDKROOT = iphoneos;
				SWIFT_COMPILATION_MODE = wholemodule;
				SWIFT_OPTIMIZATION_LEVEL = "-O";
				VALIDATE_PRODUCT = YES;
			};
			name = Release;
		};
		3C2301932A774911004C7CCD /* Debug */ = {
			isa = XCBuildConfiguration;
			buildSettings = {
				ASSETCATALOG_COMPILER_APPICON_NAME = AppIcon;
				ASSETCATALOG_COMPILER_GLOBAL_ACCENT_COLOR_NAME = AccentColor;
				CODE_SIGN_STYLE = Automatic;
				CURRENT_PROJECT_VERSION = 1;
				DEVELOPMENT_ASSET_PATHS = "\"SPQuickResponseListData/Preview Content\"";
				DEVELOPMENT_TEAM = 38R29HQGHS;
				ENABLE_PREVIEWS = YES;
				GENERATE_INFOPLIST_FILE = YES;
				INFOPLIST_KEY_UIApplicationSceneManifest_Generation = YES;
				INFOPLIST_KEY_UIApplicationSupportsIndirectInputEvents = YES;
				INFOPLIST_KEY_UILaunchScreen_Generation = YES;
				INFOPLIST_KEY_UISupportedInterfaceOrientations_iPad = "UIInterfaceOrientationPortrait UIInterfaceOrientationPortraitUpsideDown UIInterfaceOrientationLandscapeLeft UIInterfaceOrientationLandscapeRight";
				INFOPLIST_KEY_UISupportedInterfaceOrientations_iPhone = "UIInterfaceOrientationPortrait UIInterfaceOrientationLandscapeLeft UIInterfaceOrientationLandscapeRight";
				LD_RUNPATH_SEARCH_PATHS = (
					"$(inherited)",
					"@executable_path/Frameworks",
				);
				MARKETING_VERSION = 1.0;
				PRODUCT_BUNDLE_IDENTIFIER = com.neolink.SPQuickResponseListData;
				PRODUCT_NAME = "$(TARGET_NAME)";
				SWIFT_EMIT_LOC_STRINGS = YES;
				SWIFT_VERSION = 5.0;
				TARGETED_DEVICE_FAMILY = "1,2";
			};
			name = Debug;
		};
		3C2301942A774911004C7CCD /* Release */ = {
			isa = XCBuildConfiguration;
			buildSettings = {
				ASSETCATALOG_COMPILER_APPICON_NAME = AppIcon;
				ASSETCATALOG_COMPILER_GLOBAL_ACCENT_COLOR_NAME = AccentColor;
				CODE_SIGN_STYLE = Automatic;
				CURRENT_PROJECT_VERSION = 1;
				DEVELOPMENT_ASSET_PATHS = "\"SPQuickResponseListData/Preview Content\"";
				DEVELOPMENT_TEAM = 38R29HQGHS;
				ENABLE_PREVIEWS = YES;
				GENERATE_INFOPLIST_FILE = YES;
				INFOPLIST_KEY_UIApplicationSceneManifest_Generation = YES;
				INFOPLIST_KEY_UIApplicationSupportsIndirectInputEvents = YES;
				INFOPLIST_KEY_UILaunchScreen_Generation = YES;
				INFOPLIST_KEY_UISupportedInterfaceOrientations_iPad = "UIInterfaceOrientationPortrait UIInterfaceOrientationPortraitUpsideDown UIInterfaceOrientationLandscapeLeft UIInterfaceOrientationLandscapeRight";
				INFOPLIST_KEY_UISupportedInterfaceOrientations_iPhone = "UIInterfaceOrientationPortrait UIInterfaceOrientationLandscapeLeft UIInterfaceOrientationLandscapeRight";
				LD_RUNPATH_SEARCH_PATHS = (
					"$(inherited)",
					"@executable_path/Frameworks",
				);
				MARKETING_VERSION = 1.0;
				PRODUCT_BUNDLE_IDENTIFIER = com.neolink.SPQuickResponseListData;
				PRODUCT_NAME = "$(TARGET_NAME)";
				SWIFT_EMIT_LOC_STRINGS = YES;
				SWIFT_VERSION = 5.0;
				TARGETED_DEVICE_FAMILY = "1,2";
			};
			name = Release;
		};
/* End XCBuildConfiguration section */

/* Begin XCConfigurationList section */
		3C23017F2A774910004C7CCD /* Build configuration list for PBXProject "SPQuickResponseListData" */ = {
			isa = XCConfigurationList;
			buildConfigurations = (
				3C2301902A774911004C7CCD /* Debug */,
				3C2301912A774911004C7CCD /* Release */,
			);
			defaultConfigurationIsVisible = 0;
			defaultConfigurationName = Release;
		};
		3C2301922A774911004C7CCD /* Build configuration list for PBXNativeTarget "SPQuickResponseListData" */ = {
			isa = XCConfigurationList;
			buildConfigurations = (
				3C2301932A774911004C7CCD /* Debug */,
				3C2301942A774911004C7CCD /* Release */,
			);
			defaultConfigurationIsVisible = 0;
			defaultConfigurationName = Release;
		};
/* End XCConfigurationList section */

/* Begin XCVersionGroup section */
		3C23019B2A774A74004C7CCD /* FetchRequestDemo.xcdatamodeld */ = {
			isa = XCVersionGroup;
			children = (
				3C23019C2A774A74004C7CCD /* Item.xcdatamodel */,
			);
			currentVersion = 3C23019C2A774A74004C7CCD /* Item.xcdatamodel */;
			path = FetchRequestDemo.xcdatamodeld;
			sourceTree = "<group>";
			versionGroupType = wrapper.xcdatamodel;
		};
/* End XCVersionGroup section */
	};
	rootObject = 3C23017C2A774910004C7CCD /* Project object */;
}
